
Microsoft Visual Studio Solution File, Format Version 12.00
# Visual Studio Version 16
VisualStudioVersion = 16.0.31515.178
MinimumVisualStudioVersion = 10.0.40219.1
Project("{888888A0-9F3D-457C-B088-3A5042F75D52}") = "MovieListPart2", "MovieListPart2.pyproj", "{440158EB-A163-458B-9B6B-5E3712631731}"
EndProject
Global
	GlobalSection(SolutionConfigurationPlatforms) = preSolution
		Debug|Any CPU = Debug|Any CPU
		Release|Any CPU = Release|Any CPU
	EndGlobalSection
	GlobalSection(ProjectConfigurationPlatforms) = postSolution
		{440158EB-A163-458B-9B6B-5E3712631731}.Debug|Any CPU.ActiveCfg = Debug|Any CPU
		{440158EB-A163-458B-9B6B-5E3712631731}.Release|Any CPU.ActiveCfg = Release|Any CPU
	EndGlobalSection
	GlobalSection(SolutionProperties) = preSolution
		HideSolutionNode = FALSE
	EndGlobalSection
	GlobalSection(ExtensibilityGlobals) = postSolution
		SolutionGuid = {98C54546-7934-48F2-BD59-8908D961345E}
	EndGlobalSection
EndGlobal
